Microsoft Visual Studio Solution File, Format Version 12.00
# Visual Studio Version 17
VisualStudioVersion = 17.5.2.0
MinimumVisualStudioVersion = 10.0.40219.1
Project("{FAE04EC0-301F-11D3-BF4B-00C04F79EFBC}") = "ArbolMerkle", "ArbolMerkle.csproj", "{509008AA-E505-B167-89F9-F7683697371B}"
EndProject
Global
	GlobalSection(SolutionConfigurationPlatforms) = preSolution
		Debug|Any CPU = Debug|Any CPU
		Release|Any CPU = Release|Any CPU
	EndGlobalSection
	GlobalSection(ProjectConfigurationPlatforms) = postSolution
		{509008AA-E505-B167-89F9-F7683697371B}.Debug|Any CPU.ActiveCfg = Debug|Any CPU
		{509008AA-E505-B167-89F9-F7683697371B}.Debug|Any CPU.Build.0 = Debug|Any CPU
		{509008AA-E505-B167-89F9-F7683697371B}.Release|Any CPU.ActiveCfg = Release|Any CPU
		{509008AA-E505-B167-89F9-F7683697371B}.Release|Any CPU.Build.0 = Release|Any CPU
	EndGlobalSection
	GlobalSection(SolutionProperties) = preSolution
		HideSolutionNode = FALSE
	EndGlobalSection
	GlobalSection(ExtensibilityGlobals) = postSolution
		SolutionGuid = {D78714CE-DACB-41DD-966C-D8733415ACA5}
	EndGlobalSection
EndGlobal
